
Microsoft Visual Studio Solution File, Format Version 12.00
# Visual Studio 15
VisualStudioVersion = 15.0.27428.2011
MinimumVisualStudioVersion = 10.0.40219.1
Project("{9A19103F-16F7-4668-BE54-9A1E7A4F7556}") = "DatingProject", "DatingProject\DatingProject.csproj", "{9C4A8EB4-15A4-40DE-A3C0-7302770B4854}"
EndProject
Global
	GlobalSection(SolutionConfigurationPlatforms) = preSolution
		Debug|Any CPU = Debug|Any CPU
		Release|Any CPU = Release|Any CPU
	EndGlobalSection
	GlobalSection(ProjectConfigurationPlatforms) = postSolution
		{9C4A8EB4-15A4-40DE-A3C0-7302770B4854}.Debug|Any CPU.ActiveCfg = Debug|Any CPU
		{9C4A8EB4-15A4-40DE-A3C0-7302770B4854}.Debug|Any CPU.Build.0 = Debug|Any CPU
		{9C4A8EB4-15A4-40DE-A3C0-7302770B4854}.Release|Any CPU.ActiveCfg = Release|Any CPU
		{9C4A8EB4-15A4-40DE-A3C0-7302770B4854}.Release|Any CPU.Build.0 = Release|Any CPU
	EndGlobalSection
	GlobalSection(SolutionProperties) = preSolution
		HideSolutionNode = FALSE
	EndGlobalSection
	GlobalSection(ExtensibilityGlobals) = postSolution
		SolutionGuid = {8A75C97F-F5B9-4BAA-870E-6655619C2A81}
	EndGlobalSection
EndGlobal
